# This file is automatically @generated by Cargo.
# It is not intended for manual editing.
version = 3

[[package]]
name = "aho-corasick"
version = "1.1.2"
source = "registry+https://github.com/rust-lang/crates.io-index"
checksum = "b2969dcb958b36655471fc61f7e416fa76033bdd4bfed0678d8fee1e2d07a1f0"
dependencies = [
 "memchr",
]

[[package]]
name = "autocfg"
version = "1.1.0"
source = "registry+https://github.com/rust-lang/crates.io-index"
checksum = "d468802bab17cbc0cc575e9b053f41e72aa36bfa6b7f55e3529ffa43161b97fa"

[[package]]
name = "day_01"
version = "0.1.0"
dependencies = [
 "lazy_static",
 "library",
 "regex",
]

[[package]]
name = "day_02"
version = "0.1.0"
dependencies = [
 "lazy_static",
 "library",
 "regex",
]

[[package]]
name = "day_03"
version = "0.1.0"
dependencies = [
 "lazy_static",
 "library",
 "regex",
]

[[package]]
name = "day_04"
version = "0.1.0"
dependencies = [
 "lazy_static",
 "library",
 "regex",
]

[[package]]
name = "day_05"
version = "0.1.0"
dependencies = [
 "library",
 "regex",
]

[[package]]
name = "day_06"
version = "0.1.0"
dependencies = [
 "lazy_static",
 "library",
 "regex",
]

[[package]]
name = "day_07"
version = "0.1.0"
dependencies = [
 "lazy_static",
 "library",
]

[[package]]
name = "day_08"
version = "0.1.0"
dependencies = [
 "library",
]

[[package]]
name = "day_09"
version = "0.1.0"
dependencies = [
 "library",
]

[[package]]
name = "day_10"
version = "0.1.0"
dependencies = [
 "library",
 "regex",
]

[[package]]
name = "day_11"
version = "0.1.0"
dependencies = [
 "library",
]

[[package]]
name = "day_12"
version = "0.1.0"
dependencies = [
 "library",
 "substring",
]

[[package]]
name = "day_13"
version = "0.1.0"
dependencies = [
 "library",
]

[[package]]
name = "day_14"
version = "0.1.0"
dependencies = [
 "library",
]

[[package]]
name = "day_15"
version = "0.1.0"
dependencies = [
 "lazy_static",
 "library",
 "regex",
]

[[package]]
name = "day_16"
version = "0.1.0"
dependencies = [
 "lazy_static",
 "library",
 "regex",
]

[[package]]
name = "day_17"
version = "0.1.0"
dependencies = [
 "library",
]

[[package]]
name = "day_18"
version = "0.1.0"
dependencies = [
 "library",
 "regex",
]

[[package]]
name = "day_19"
version = "0.1.0"
dependencies = [
 "library",
]

[[package]]
name = "day_20"
version = "0.1.0"
dependencies = [
 "library",
]

[[package]]
name = "day_21"
version = "0.1.0"
dependencies = [
 "library",
]

[[package]]
name = "day_22"
version = "0.1.0"
dependencies = [
 "library",
 "priority-queue",
]

[[package]]
name = "equivalent"
version = "1.0.1"
source = "registry+https://github.com/rust-lang/crates.io-index"
checksum = "5443807d6dff69373d433ab9ef5378ad8df50ca6298caf15de6e52e24aaf54d5"

[[package]]
name = "hashbrown"
version = "0.14.5"
source = "registry+https://github.com/rust-lang/crates.io-index"
checksum = "e5274423e17b7c9fc20b6e7e208532f9b19825d82dfd615708b70edd83df41f1"

[[package]]
name = "indexmap"
version = "2.2.6"
source = "registry+https://github.com/rust-lang/crates.io-index"
checksum = "168fb715dda47215e360912c096649d23d58bf392ac62f73919e831745e40f26"
dependencies = [
 "equivalent",
 "hashbrown",
]

[[package]]
name = "lazy_static"
version = "1.4.0"
source = "registry+https://github.com/rust-lang/crates.io-index"
checksum = "e2abad23fbc42b3700f2f279844dc832adb2b2eb069b2df918f455c4e18cc646"

[[package]]
name = "library"
version = "0.1.0"

[[package]]
name = "memchr"
version = "2.7.1"
source = "registry+https://github.com/rust-lang/crates.io-index"
checksum = "523dc4f511e55ab87b694dc30d0f820d60906ef06413f93d4d7a1385599cc149"

[[package]]
name = "priority-queue"
version = "2.0.2"
source = "registry+https://github.com/rust-lang/crates.io-index"
checksum = "509354d8a769e8d0b567d6821b84495c60213162761a732d68ce87c964bd347f"
dependencies = [
 "autocfg",
 "equivalent",
 "indexmap",
]

[[package]]
name = "regex"
version = "1.10.3"
source = "registry+https://github.com/rust-lang/crates.io-index"
checksum = "b62dbe01f0b06f9d8dc7d49e05a0785f153b00b2c227856282f671e0318c9b15"
dependencies = [
 "aho-corasick",
 "memchr",
 "regex-automata",
 "regex-syntax",
]

[[package]]
name = "regex-automata"
version = "0.4.5"
source = "registry+https://github.com/rust-lang/crates.io-index"
checksum = "5bb987efffd3c6d0d8f5f89510bb458559eab11e4f869acb20bf845e016259cd"
dependencies = [
 "aho-corasick",
 "memchr",
 "regex-syntax",
]

[[package]]
name = "regex-syntax"
version = "0.8.2"
source = "registry+https://github.com/rust-lang/crates.io-index"
checksum = "c08c74e62047bb2de4ff487b251e4a92e24f48745648451635cec7d591162d9f"

[[package]]
name = "substring"
version = "1.4.5"
source = "registry+https://github.com/rust-lang/crates.io-index"
checksum = "42ee6433ecef213b2e72f587ef64a2f5943e7cd16fbd82dbe8bc07486c534c86"
dependencies = [
 "autocfg",
]
